// !$*UTF8*$!
{
	archiveVersion = 1;
	classes = {
	};
	objectVersion = 46;
	objects = {

/* Begin PBXBuildFile section */
		ACC0501D1D74BF1F00ED78E3 /* main.m in Sources */ = {isa = PBXBuildFile; fileRef = ACC0501C1D74BF1F00ED78E3 /* main.m */; };
		ACC050201D74BF1F00ED78E3 /* AppDelegate.m in Sources */ = {isa = PBXBuildFile; fileRef = ACC0501F1D74BF1F00ED78E3 /* AppDelegate.m */; };
		ACC050231D74BF1F00ED78E3 /* ViewController.m in Sources */ = {isa = PBXBuildFile; fileRef = ACC050221D74BF1F00ED78E3 /* ViewController.m */; };
		ACC050281D74BF1F00ED78E3 /* Assets.xcassets in Resources */ = {isa = PBXBuildFile; fileRef = ACC050271D74BF1F00ED78E3 /* Assets.xcassets */; };
		ACC0502B1D74BF1F00ED78E3 /* LaunchScreen.storyboard in Resources */ = {isa = PBXBuildFile; fileRef = ACC050291D74BF1F00ED78E3 /* LaunchScreen.storyboard */; };
		ACC050331D74CD1600ED78E3 /* mainscreen.jpg in Resources */ = {isa = PBXBuildFile; fileRef = ACC050321D74CD1600ED78E3 /* mainscreen.jpg */; };
		ACC050351D74D3FA00ED78E3 /* LocalAuthentication.framework in Frameworks */ = {isa = PBXBuildFile; fileRef = ACC050341D74D3F900ED78E3 /* LocalAuthentication.framework */; };
		ACC050381D74FDDA00ED78E3 /* CustomButton.m in Sources */ = {isa = PBXBuildFile; fileRef = ACC050371D74FDDA00ED78E3 /* CustomButton.m */; };
		ACC0503A1D7503AF00ED78E3 /* Fingerprint.jpeg in Resources */ = {isa = PBXBuildFile; fileRef = ACC050391D7503AF00ED78E3 /* Fingerprint.jpeg */; };
		ACFBEA5D1D750A0A0054DB30 /* second.jpg in Resources */ = {isa = PBXBuildFile; fileRef = ACFBEA5C1D750A0A0054DB30 /* second.jpg */; };
		ACFBEA601D750C930054DB30 /* TouchIDViewController.m in Sources */ = {isa = PBXBuildFile; fileRef = ACFBEA5F1D750C920054DB30 /* TouchIDViewController.m */; };
		ACFBEA631D7511C00054DB30 /* Main.storyboard in Resources */ = {isa = PBXBuildFile; fileRef = ACFBEA621D7511C00054DB30 /* Main.storyboard */; };
		ACFBEA651D7516440054DB30 /* back.png in Resources */ = {isa = PBXBuildFile; fileRef = ACFBEA641D7516440054DB30 /* back.png */; };
/* End PBXBuildFile section */

/* Begin PBXFileReference section */
		ACC050181D74BF1F00ED78E3 /* TouchIDApp.app */ = {isa = PBXFileReference; explicitFileType = wrapper.application; includeInIndex = 0; path = TouchIDApp.app; sourceTree = BUILT_PRODUCTS_DIR; };
		ACC0501C1D74BF1F00ED78E3 /* main.m */ = {isa = PBXFileReference; lastKnownFileType = sourcecode.c.objc; path = main.m; sourceTree = "<group>"; };
		ACC0501E1D74BF1F00ED78E3 /* AppDelegate.h */ = {isa = PBXFileReference; lastKnownFileType = sourcecode.c.h; path = AppDelegate.h; sourceTree = "<group>"; };
		ACC0501F1D74BF1F00ED78E3 /* AppDelegate.m */ = {isa = PBXFileReference; lastKnownFileType = sourcecode.c.objc; path = AppDelegate.m; sourceTree = "<group>"; };
		ACC050211D74BF1F00ED78E3 /* ViewController.h */ = {isa = PBXFileReference; lastKnownFileType = sourcecode.c.h; name = ViewController.h; path = TouchIDApp/ViewController.h; sourceTree = "<group>"; };
		ACC050221D74BF1F00ED78E3 /* ViewController.m */ = {isa = PBXFileReference; lastKnownFileType = sourcecode.c.objc; name = ViewController.m; path = TouchIDApp/ViewController.m; sourceTree = "<group>"; };
		ACC050271D74BF1F00ED78E3 /* Assets.xcassets */ = {isa = PBXFileReference; lastKnownFileType = folder.assetcatalog; path = Assets.xcassets; sourceTree = "<group>"; };
		ACC0502A1D74BF1F00ED78E3 /* Base */ = {isa = PBXFileReference; lastKnownFileType = file.storyboard; name = Base; path = Base.lproj/LaunchScreen.storyboard; sourceTree = "<group>"; };
		ACC0502C1D74BF1F00ED78E3 /* Info.plist */ = {isa = PBXFileReference; lastKnownFileType = text.plist.xml; path = Info.plist; sourceTree = "<group>"; };
		ACC050321D74CD1600ED78E3 /* mainscreen.jpg */ = {isa = PBXFileReference; lastKnownFileType = image.jpeg; path = mainscreen.jpg; sourceTree = "<group>"; };
		ACC050341D74D3F900ED78E3 /* LocalAuthentication.framework */ = {isa = PBXFileReference; lastKnownFileType = wrapper.framework; name = LocalAuthentication.framework; path = System/Library/Frameworks/LocalAuthentication.framework; sourceTree = SDKROOT; };
		ACC050361D74FDDA00ED78E3 /* CustomButton.h */ = {isa = PBXFileReference; fileEncoding = 4; lastKnownFileType = sourcecode.c.h; path = CustomButton.h; sourceTree = "<group>"; };
		ACC050371D74FDDA00ED78E3 /* CustomButton.m */ = {isa = PBXFileReference; fileEncoding = 4; lastKnownFileType = sourcecode.c.objc; path = CustomButton.m; sourceTree = "<group>"; };
		ACC050391D7503AF00ED78E3 /* Fingerprint.jpeg */ = {isa = PBXFileReference; lastKnownFileType = image.jpeg; path = Fingerprint.jpeg; sourceTree = "<group>"; };
		ACFBEA5C1D750A0A0054DB30 /* second.jpg */ = {isa = PBXFileReference; lastKnownFileType = image.jpeg; path = second.jpg; sourceTree = "<group>"; };
		ACFBEA5E1D750C920054DB30 /* TouchIDViewController.h */ = {isa = PBXFileReference; fileEncoding = 4; lastKnownFileType = sourcecode.c.h; path = TouchIDViewController.h; sourceTree = "<group>"; };
		ACFBEA5F1D750C920054DB30 /* TouchIDViewController.m */ = {isa = PBXFileReference; fileEncoding = 4; lastKnownFileType = sourcecode.c.objc; path = TouchIDViewController.m; sourceTree = "<group>"; };
		ACFBEA621D7511C00054DB30 /* Main.storyboard */ = {isa = PBXFileReference; fileEncoding = 4; lastKnownFileType = file.storyboard; path = Main.storyboard; sourceTree = "<group>"; };
		ACFBEA641D7516440054DB30 /* back.png */ = {isa = PBXFileReference; lastKnownFileType = image.png; path = back.png; sourceTree = "<group>"; };
/* End PBXFileReference section */

/* Begin PBXFrameworksBuildPhase section */
		ACC050151D74BF1F00ED78E3 /* Frameworks */ = {
			isa = PBXFrameworksBuildPhase;
			buildActionMask = 2147483647;
			files = (
				ACC050351D74D3FA00ED78E3 /* LocalAuthentication.framework in Frameworks */,
			);
			runOnlyForDeploymentPostprocessing = 0;
		};
/* End PBXFrameworksBuildPhase section */

/* Begin PBXGroup section */
		ACC0500F1D74BF1F00ED78E3 = {
			isa = PBXGroup;
			children = (
				ACFBEA611D750CA00054DB30 /* View Controller */,
				ACC0501A1D74BF1F00ED78E3 /* TouchIDApp */,
				ACC050191D74BF1F00ED78E3 /* Products */,
			);
			sourceTree = "<group>";
		};
		ACC050191D74BF1F00ED78E3 /* Products */ = {
			isa = PBXGroup;
			children = (
				ACC050181D74BF1F00ED78E3 /* TouchIDApp.app */,
			);
			name = Products;
			sourceTree = "<group>";
		};
		ACC0501A1D74BF1F00ED78E3 /* TouchIDApp */ = {
			isa = PBXGroup;
			children = (
				ACC0501E1D74BF1F00ED78E3 /* AppDelegate.h */,
				ACC0501F1D74BF1F00ED78E3 /* AppDelegate.m */,
				ACC050271D74BF1F00ED78E3 /* Assets.xcassets */,
				ACC050291D74BF1F00ED78E3 /* LaunchScreen.storyboard */,
				ACC0502C1D74BF1F00ED78E3 /* Info.plist */,
				ACFBEA621D7511C00054DB30 /* Main.storyboard */,
				ACC0501B1D74BF1F00ED78E3 /* Supporting Files */,
				ACC050361D74FDDA00ED78E3 /* CustomButton.h */,
				ACC050371D74FDDA00ED78E3 /* CustomButton.m */,
			);
			path = TouchIDApp;
			sourceTree = "<group>";
		};
		ACC0501B1D74BF1F00ED78E3 /* Supporting Files */ = {
			isa = PBXGroup;
			children = (
				ACFBEA641D7516440054DB30 /* back.png */,
				ACFBEA5C1D750A0A0054DB30 /* second.jpg */,
				ACC050391D7503AF00ED78E3 /* Fingerprint.jpeg */,
				ACC050341D74D3F900ED78E3 /* LocalAuthentication.framework */,
				ACC050321D74CD1600ED78E3 /* mainscreen.jpg */,
				ACC0501C1D74BF1F00ED78E3 /* main.m */,
			);
			name = "Supporting Files";
			sourceTree = "<group>";
		};
		ACFBEA611D750CA00054DB30 /* View Controller */ = {
			isa = PBXGroup;
			children = (
				ACFBEA5E1D750C920054DB30 /* TouchIDViewController.h */,
				ACFBEA5F1D750C920054DB30 /* TouchIDViewController.m */,
				ACC050211D74BF1F00ED78E3 /* ViewController.h */,
				ACC050221D74BF1F00ED78E3 /* ViewController.m */,
			);
			name = "View Controller";
			sourceTree = "<group>";
		};
/* End PBXGroup section */

/* Begin PBXNativeTarget section */
		ACC050171D74BF1F00ED78E3 /* TouchIDApp */ = {
			isa = PBXNativeTarget;
			buildConfigurationList = ACC0502F1D74BF1F00ED78E3 /* Build configuration list for PBXNativeTarget "TouchIDApp" */;
			buildPhases = (
				ACC050141D74BF1F00ED78E3 /* Sources */,
				ACC050151D74BF1F00ED78E3 /* Frameworks */,
				ACC050161D74BF1F00ED78E3 /* Resources */,
			);
			buildRules = (
			);
			dependencies = (
			);
			name = TouchIDApp;
			productName = TouchIDApp;
			productReference = ACC050181D74BF1F00ED78E3 /* TouchIDApp.app */;
			productType = "com.apple.product-type.application";
		};
/* End PBXNativeTarget section */

/* Begin PBXProject section */
		ACC050101D74BF1F00ED78E3 /* Project object */ = {
			isa = PBXProject;
			attributes = {
				LastUpgradeCheck = 0730;
				ORGANIZATIONNAME = "Tensab San";
				TargetAttributes = {
					ACC050171D74BF1F00ED78E3 = {
						CreatedOnToolsVersion = 7.3.1;
					};
				};
			};
			buildConfigurationList = ACC050131D74BF1F00ED78E3 /* Build configuration list for PBXProject "TouchIDApp" */;
			compatibilityVersion = "Xcode 3.2";
			developmentRegion = English;
			hasScannedForEncodings = 0;
			knownRegions = (
				en,
				Base,
			);
			mainGroup = ACC0500F1D74BF1F00ED78E3;
			productRefGroup = ACC050191D74BF1F00ED78E3 /* Products */;
			projectDirPath = "";
			projectRoot = "";
			targets = (
				ACC050171D74BF1F00ED78E3 /* TouchIDApp */,
			);
		};
/* End PBXProject section */

/* Begin PBXResourcesBuildPhase section */
		ACC050161D74BF1F00ED78E3 /* Resources */ = {
			isa = PBXResourcesBuildPhase;
			buildActionMask = 2147483647;
			files = (
				ACC0502B1D74BF1F00ED78E3 /* LaunchScreen.storyboard in Resources */,
				ACC050281D74BF1F00ED78E3 /* Assets.xcassets in Resources */,
				ACC050331D74CD1600ED78E3 /* mainscreen.jpg in Resources */,
				ACFBEA631D7511C00054DB30 /* Main.storyboard in Resources */,
				ACFBEA651D7516440054DB30 /* back.png in Resources */,
				ACC0503A1D7503AF00ED78E3 /* Fingerprint.jpeg in Resources */,
				ACFBEA5D1D750A0A0054DB30 /* second.jpg in Resources */,
			);
			runOnlyForDeploymentPostprocessing = 0;
		};
/* End PBXResourcesBuildPhase section */

/* Begin PBXSourcesBuildPhase section */
		ACC050141D74BF1F00ED78E3 /* Sources */ = {
			isa = PBXSourcesBuildPhase;
			buildActionMask = 2147483647;
			files = (
				ACC050381D74FDDA00ED78E3 /* CustomButton.m in Sources */,
				ACC050231D74BF1F00ED78E3 /* ViewController.m in Sources */,
				ACC050201D74BF1F00ED78E3 /* AppDelegate.m in Sources */,
				ACFBEA601D750C930054DB30 /* TouchIDViewController.m in Sources */,
				ACC0501D1D74BF1F00ED78E3 /* main.m in Sources */,
			);
			runOnlyForDeploymentPostprocessing = 0;
		};
/* End PBXSourcesBuildPhase section */

/* Begin PBXVariantGroup section */
		ACC050291D74BF1F00ED78E3 /* LaunchScreen.storyboard */ = {
			isa = PBXVariantGroup;
			children = (
				ACC0502A1D74BF1F00ED78E3 /* Base */,
			);
			name = LaunchScreen.storyboard;
			sourceTree = "<group>";
		};
/* End PBXVariantGroup section */

/* Begin XCBuildConfiguration section */
		ACC0502D1D74BF1F00ED78E3 /* Debug */ = {
			isa = XCBuildConfiguration;
			buildSettings = {
				ALWAYS_SEARCH_USER_PATHS = NO;
				CLANG_ANALYZER_NONNULL = YES;
				CLANG_CXX_LANGUAGE_STANDARD = "gnu++0x";
				CLANG_CXX_LIBRARY = "libc++";
				CLANG_ENABLE_MODULES = YES;
				CLANG_ENABLE_OBJC_ARC = YES;
				CLANG_WARN_BOOL_CONVERSION = YES;
				CLANG_WARN_CONSTANT_CONVERSION = YES;
				CLANG_WARN_DIRECT_OBJC_ISA_USAGE = YES_ERROR;
				CLANG_WARN_EMPTY_BODY = YES;
				CLANG_WARN_ENUM_CONVERSION = YES;
				CLANG_WARN_INT_CONVERSION = YES;
				CLANG_WARN_OBJC_ROOT_CLASS = YES_ERROR;
				CLANG_WARN_UNREACHABLE_CODE = YES;
				CLANG_WARN__DUPLICATE_METHOD_MATCH = YES;
				"CODE_SIGN_IDENTITY[sdk=iphoneos*]" = "iPhone Developer";
				COPY_PHASE_STRIP = NO;
				DEBUG_INFORMATION_FORMAT = dwarf;
				ENABLE_STRICT_OBJC_MSGSEND = YES;
				ENABLE_TESTABILITY = YES;
				GCC_C_LANGUAGE_STANDARD = gnu99;
				GCC_DYNAMIC_NO_PIC = NO;
				GCC_NO_COMMON_BLOCKS = YES;
				GCC_OPTIMIZATION_LEVEL = 0;
				GCC_PREPROCESSOR_DEFINITIONS = (
					"DEBUG=1",
					"$(inherited)",
				);
				GCC_WARN_64_TO_32_BIT_CONVERSION = YES;
				GCC_WARN_ABOUT_RETURN_TYPE = YES_ERROR;
				GCC_WARN_UNDECLARED_SELECTOR = YES;
				GCC_WARN_UNINITIALIZED_AUTOS = YES_AGGRESSIVE;
				GCC_WARN_UNUSED_FUNCTION = YES;
				GCC_WARN_UNUSED_VARIABLE = YES;
				IPHONEOS_DEPLOYMENT_TARGET = 9.3;
				MTL_ENABLE_DEBUG_INFO = YES;
				ONLY_ACTIVE_ARCH = YES;
				SDKROOT = iphoneos;
			};
			name = Debug;
		};
		ACC0502E1D74BF1F00ED78E3 /* Release */ = {
			isa = XCBuildConfiguration;
			buildSettings = {
				ALWAYS_SEARCH_USER_PATHS = NO;
				CLANG_ANALYZER_NONNULL = YES;
				CLANG_CXX_LANGUAGE_STANDARD = "gnu++0x";
				CLANG_CXX_LIBRARY = "libc++";
				CLANG_ENABLE_MODULES = YES;
				CLANG_ENABLE_OBJC_ARC = YES;
				CLANG_WARN_BOOL_CONVERSION = YES;
				CLANG_WARN_CONSTANT_CONVERSION = YES;
				CLANG_WARN_DIRECT_OBJC_ISA_USAGE = YES_ERROR;
				CLANG_WARN_EMPTY_BODY = YES;
				CLANG_WARN_ENUM_CONVERSION = YES;
				CLANG_WARN_INT_CONVERSION = YES;
				CLANG_WARN_OBJC_ROOT_CLASS = YES_ERROR;
				CLANG_WARN_UNREACHABLE_CODE = YES;
				CLANG_WARN__DUPLICATE_METHOD_MATCH = YES;
				"CODE_SIGN_IDENTITY[sdk=iphoneos*]" = "iPhone Developer";
				COPY_PHASE_STRIP = NO;
				DEBUG_INFORMATION_FORMAT = "dwarf-with-dsym";
				ENABLE_NS_ASSERTIONS = NO;
				ENABLE_STRICT_OBJC_MSGSEND = YES;
				GCC_C_LANGUAGE_STANDARD = gnu99;
				GCC_NO_COMMON_BLOCKS = YES;
				GCC_WARN_64_TO_32_BIT_CONVERSION = YES;
				GCC_WARN_ABOUT_RETURN_TYPE = YES_ERROR;
				GCC_WARN_UNDECLARED_SELECTOR = YES;
				GCC_WARN_UNINITIALIZED_AUTOS = YES_AGGRESSIVE;
				GCC_WARN_UNUSED_FUNCTION = YES;
				GCC_WARN_UNUSED_VARIABLE = YES;
				IPHONEOS_DEPLOYMENT_TARGET = 9.3;
				MTL_ENABLE_DEBUG_INFO = NO;
				SDKROOT = iphoneos;
				VALIDATE_PRODUCT = YES;
			};
			name = Release;
		};
		ACC050301D74BF1F00ED78E3 /* Debug */ = {
			isa = XCBuildConfiguration;
			buildSettings = {
				ASSETCATALOG_COMPILER_APPICON_NAME = AppIcon;
				INFOPLIST_FILE = TouchIDApp/Info.plist;
				LD_RUNPATH_SEARCH_PATHS = "$(inherited) @executable_path/Frameworks";
				PRODUCT_BUNDLE_IDENTIFIER = com.tensabsan.TouchIDApp;
				PRODUCT_NAME = "$(TARGET_NAME)";
			};
			name = Debug;
		};
		ACC050311D74BF1F00ED78E3 /* Release */ = {
			isa = XCBuildConfiguration;
			buildSettings = {
				ASSETCATALOG_COMPILER_APPICON_NAME = AppIcon;
				INFOPLIST_FILE = TouchIDApp/Info.plist;
				LD_RUNPATH_SEARCH_PATHS = "$(inherited) @executable_path/Frameworks";
				PRODUCT_BUNDLE_IDENTIFIER = com.tensabsan.TouchIDApp;
				PRODUCT_NAME = "$(TARGET_NAME)";
			};
			name = Release;
		};
/* End XCBuildConfiguration section */

/* Begin XCConfigurationList section */
		ACC050131D74BF1F00ED78E3 /* Build configuration list for PBXProject "TouchIDApp" */ = {
			isa = XCConfigurationList;
			buildConfigurations = (
				ACC0502D1D74BF1F00ED78E3 /* Debug */,
				ACC0502E1D74BF1F00ED78E3 /* Release */,
			);
			defaultConfigurationIsVisible = 0;
			defaultConfigurationName = Release;
		};
		ACC0502F1D74BF1F00ED78E3 /* Build configuration list for PBXNativeTarget "TouchIDApp" */ = {
			isa = XCConfigurationList;
			buildConfigurations = (
				ACC050301D74BF1F00ED78E3 /* Debug */,
				ACC050311D74BF1F00ED78E3 /* Release */,
			);
			defaultConfigurationIsVisible = 0;
			defaultConfigurationName = Release;
		};
/* End XCConfigurationList section */
	};
	rootObject = ACC050101D74BF1F00ED78E3 /* Project object */;
}
